
Microsoft Visual Studio Solution File, Format Version 12.00
# Visual Studio Version 17
VisualStudioVersion = 17.7.34031.279
MinimumVisualStudioVersion = 10.0.40219.1
Project("{FAE04EC0-301F-11D3-BF4B-00C04F79EFBC}") = "Stacks_Price_Jacob", "Stacks_Price_Jacob.csproj", "{0F024023-A473-4D36-BAA0-AC8A1AFF9C8A}"
EndProject
Global
	GlobalSection(SolutionConfigurationPlatforms) = preSolution
		Debug|Any CPU = Debug|Any CPU
		Release|Any CPU = Release|Any CPU
	EndGlobalSection
	GlobalSection(ProjectConfigurationPlatforms) = postSolution
		{0F024023-A473-4D36-BAA0-AC8A1AFF9C8A}.Debug|Any CPU.ActiveCfg = Debug|Any CPU
		{0F024023-A473-4D36-BAA0-AC8A1AFF9C8A}.Debug|Any CPU.Build.0 = Debug|Any CPU
		{0F024023-A473-4D36-BAA0-AC8A1AFF9C8A}.Release|Any CPU.ActiveCfg = Release|Any CPU
		{0F024023-A473-4D36-BAA0-AC8A1AFF9C8A}.Release|Any CPU.Build.0 = Release|Any CPU
	EndGlobalSection
	GlobalSection(SolutionProperties) = preSolution
		HideSolutionNode = FALSE
	EndGlobalSection
	GlobalSection(ExtensibilityGlobals) = postSolution
		SolutionGuid = {74C8D61D-E796-401F-A7BB-A2C2EF2C456C}
	EndGlobalSection
EndGlobal
